{
  "originHash" : "57a65b4552f7e395f06ce3e485e0c1a0504a974cc29afb9de6bf2d43fe1839ce",
  "pins" : [
    {
      "identity" : "factory",
      "kind" : "remoteSourceControl",
      "location" : "https://github.com/hmlongco/Factory.git",
      "state" : {
        "revision" : "ccc898f21992ebc130bc04cc197460a5ae230bcf",
        "version" : "2.5.3"
      }
    },
    {
      "identity" : "grdb.swift",
      "kind" : "remoteSourceControl",
      "location" : "https://github.com/groue/GRDB.swift.git",
      "state" : {
        "revision" : "36e30a6f1ef10e4194f6af0cff90888526f0c115",
        "version" : "7.10.0"
      }
    },
    {
      "identity" : "kingfisher",
      "kind" : "remoteSourceControl",
      "location" : "https://github.com/onevcat/Kingfisher.git",
      "state" : {
        "revision" : "c92b84898e34ab46ff0dad86c02a0acbe2d87008",
        "version" : "8.8.0"
      }
    },
    {
      "identity" : "loaderui",
      "kind" : "remoteSourceControl",
      "location" : "https://github.com/ninjaprox/LoaderUI.git",
      "state" : {
        "revision" : "1b8ad2dfb06080ffcc51a74da0aeba56a0f7b877",
        "version" : "0.2.1"
      }
    }
  ],
  "version" : 3
}
